
Microsoft Visual Studio Solution File, Format Version 12.00
# Visual Studio 15
VisualStudioVersion = 15.0.26430.14
MinimumVisualStudioVersion = 10.0.40219.1
Project("{FAE04EC0-301F-11D3-BF4B-00C04F79EFBC}") = "apptest", "apptest\apptest.csproj", "{36F4CC7F-4A04-4C1D-8D30-3A1031856FDF}"
EndProject
Global
	GlobalSection(SolutionConfigurationPlatforms) = preSolution
		Debug|Any CPU = Debug|Any CPU
		Release|Any CPU = Release|Any CPU
	EndGlobalSection
	GlobalSection(ProjectConfigurationPlatforms) = postSolution
		{36F4CC7F-4A04-4C1D-8D30-3A1031856FDF}.Debug|Any CPU.ActiveCfg = Debug|Any CPU
		{36F4CC7F-4A04-4C1D-8D30-3A1031856FDF}.Debug|Any CPU.Build.0 = Debug|Any CPU
		{36F4CC7F-4A04-4C1D-8D30-3A1031856FDF}.Release|Any CPU.ActiveCfg = Release|Any CPU
		{36F4CC7F-4A04-4C1D-8D30-3A1031856FDF}.Release|Any CPU.Build.0 = Release|Any CPU
	EndGlobalSection
	GlobalSection(SolutionProperties) = preSolution
		HideSolutionNode = FALSE
	EndGlobalSection
EndGlobal
